// !$*UTF8*$!
{
	archiveVersion = 1;
	classes = {
	};
	objectVersion = 48;
	objects = {

/* Begin PBXBuildFile section */
		2B6905642066E4FF008D8104 /* ao_tty_timer_controller.cpp in Sources */ = {isa = PBXBuildFile; fileRef = 2BB3C4CB2037B77900858802 /* ao_tty_timer_controller.cpp */; };
/* End PBXBuildFile section */

/* Begin PBXCopyFilesBuildPhase section */
		2BB3C4C62037B77900858802 /* CopyFiles */ = {
			isa = PBXCopyFilesBuildPhase;
			buildActionMask = 2147483647;
			dstPath = /usr/share/man/man1/;
			dstSubfolderSpec = 0;
			files = (
			);
			runOnlyForDeploymentPostprocessing = 1;
		};
/* End PBXCopyFilesBuildPhase section */

/* Begin PBXFileReference section */
		2B40685520409E0600886BD6 /* ttytimer.h */ = {isa = PBXFileReference; lastKnownFileType = sourcecode.c.h; path = ttytimer.h; sourceTree = "<group>"; };
		2B6905622066A4A7008D8104 /* scratch.cpp */ = {isa = PBXFileReference; lastKnownFileType = sourcecode.cpp.cpp; path = scratch.cpp; sourceTree = "<group>"; };
		2B6C27B8204557CA00ABDD84 /* ao_tty_timer_model.hpp */ = {isa = PBXFileReference; lastKnownFileType = sourcecode.cpp.h; path = ao_tty_timer_model.hpp; sourceTree = "<group>"; };
		2BA55F5C2045DFF100932493 /* argh.h */ = {isa = PBXFileReference; lastKnownFileType = sourcecode.c.h; path = argh.h; sourceTree = "<group>"; };
		2BB3C4C82037B77900858802 /* pomodor_cpp */ = {isa = PBXFileReference; explicitFileType = "compiled.mach-o.executable"; includeInIndex = 0; path = pomodor_cpp; sourceTree = BUILT_PRODUCTS_DIR; };
		2BB3C4CB2037B77900858802 /* ao_tty_timer_controller.cpp */ = {isa = PBXFileReference; lastKnownFileType = sourcecode.cpp.cpp; path = ao_tty_timer_controller.cpp; sourceTree = "<group>"; };
/* End PBXFileReference section */

/* Begin PBXFrameworksBuildPhase section */
		2BB3C4C52037B77900858802 /* Frameworks */ = {
			isa = PBXFrameworksBuildPhase;
			buildActionMask = 2147483647;
			files = (
			);
			runOnlyForDeploymentPostprocessing = 0;
		};
/* End PBXFrameworksBuildPhase section */

/* Begin PBXGroup section */
		2BB3C4BF2037B77900858802 = {
			isa = PBXGroup;
			children = (
				2BB3C4CA2037B77900858802 /* pomodor_cpp */,
				2BB3C4C92037B77900858802 /* Products */,
			);
			sourceTree = "<group>";
		};
		2BB3C4C92037B77900858802 /* Products */ = {
			isa = PBXGroup;
			children = (
				2BB3C4C82037B77900858802 /* pomodor_cpp */,
			);
			name = Products;
			sourceTree = "<group>";
		};
		2BB3C4CA2037B77900858802 /* pomodor_cpp */ = {
			isa = PBXGroup;
			children = (
				2B40685520409E0600886BD6 /* ttytimer.h */,
				2BA55F5C2045DFF100932493 /* argh.h */,
				2BB3C4CB2037B77900858802 /* ao_tty_timer_controller.cpp */,
				2B6C27B8204557CA00ABDD84 /* ao_tty_timer_model.hpp */,
				2B6905622066A4A7008D8104 /* scratch.cpp */,
			);
			path = pomodor_cpp;
			sourceTree = "<group>";
		};
/* End PBXGroup section */

/* Begin PBXNativeTarget section */
		2BB3C4C72037B77900858802 /* pomodor_cpp */ = {
			isa = PBXNativeTarget;
			buildConfigurationList = 2BB3C4CF2037B77900858802 /* Build configuration list for PBXNativeTarget "pomodor_cpp" */;
			buildPhases = (
				2BB3C4C42037B77900858802 /* Sources */,
				2BB3C4C52037B77900858802 /* Frameworks */,
				2BB3C4C62037B77900858802 /* CopyFiles */,
			);
			buildRules = (
			);
			dependencies = (
			);
			name = pomodor_cpp;
			productName = pomodor_c;
			productReference = 2BB3C4C82037B77900858802 /* pomodor_cpp */;
			productType = "com.apple.product-type.tool";
		};
/* End PBXNativeTarget section */

/* Begin PBXProject section */
		2BB3C4C02037B77900858802 /* Project object */ = {
			isa = PBXProject;
			attributes = {
				LastUpgradeCheck = 0920;
				ORGANIZATIONNAME = "Altynbek Orumbayev";
				TargetAttributes = {
					2BB3C4C72037B77900858802 = {
						CreatedOnToolsVersion = 9.2;
						ProvisioningStyle = Automatic;
					};
				};
			};
			buildConfigurationList = 2BB3C4C32037B77900858802 /* Build configuration list for PBXProject "pomodor_cpp" */;
			compatibilityVersion = "Xcode 8.0";
			developmentRegion = en;
			hasScannedForEncodings = 0;
			knownRegions = (
				en,
			);
			mainGroup = 2BB3C4BF2037B77900858802;
			productRefGroup = 2BB3C4C92037B77900858802 /* Products */;
			projectDirPath = "";
			projectRoot = "";
			targets = (
				2BB3C4C72037B77900858802 /* pomodor_cpp */,
			);
		};
/* End PBXProject section */

/* Begin PBXSourcesBuildPhase section */
		2BB3C4C42037B77900858802 /* Sources */ = {
			isa = PBXSourcesBuildPhase;
			buildActionMask = 2147483647;
			files = (
				2B6905642066E4FF008D8104 /* ao_tty_timer_controller.cpp in Sources */,
			);
			runOnlyForDeploymentPostprocessing = 0;
		};
/* End PBXSourcesBuildPhase section */

/* Begin XCBuildConfiguration section */
		2BB3C4CD2037B77900858802 /* Debug */ = {
			isa = XCBuildConfiguration;
			buildSettings = {
				ALWAYS_SEARCH_USER_PATHS = NO;
				CLANG_ANALYZER_NONNULL = YES;
				CLANG_ANALYZER_NUMBER_OBJECT_CONVERSION = YES_AGGRESSIVE;
				CLANG_CXX_LANGUAGE_STANDARD = "gnu++14";
				CLANG_CXX_LIBRARY = "libc++";
				CLANG_ENABLE_MODULES = YES;
				CLANG_ENABLE_OBJC_ARC = YES;
				CLANG_WARN_BLOCK_CAPTURE_AUTORELEASING = YES;
				CLANG_WARN_BOOL_CONVERSION = YES;
				CLANG_WARN_COMMA = YES;
				CLANG_WARN_CONSTANT_CONVERSION = YES;
				CLANG_WARN_DIRECT_OBJC_ISA_USAGE = YES_ERROR;
				CLANG_WARN_DOCUMENTATION_COMMENTS = YES;
				CLANG_WARN_EMPTY_BODY = YES;
				CLANG_WARN_ENUM_CONVERSION = YES;
				CLANG_WARN_INFINITE_RECURSION = YES;
				CLANG_WARN_INT_CONVERSION = YES;
				CLANG_WARN_NON_LITERAL_NULL_CONVERSION = YES;
				CLANG_WARN_OBJC_LITERAL_CONVERSION = YES;
				CLANG_WARN_OBJC_ROOT_CLASS = YES_ERROR;
				CLANG_WARN_RANGE_LOOP_ANALYSIS = YES;
				CLANG_WARN_STRICT_PROTOTYPES = YES;
				CLANG_WARN_SUSPICIOUS_MOVE = YES;
				CLANG_WARN_UNGUARDED_AVAILABILITY = YES_AGGRESSIVE;
				CLANG_WARN_UNREACHABLE_CODE = YES;
				CLANG_WARN__DUPLICATE_METHOD_MATCH = YES;
				CODE_SIGN_IDENTITY = "Mac Developer";
				COPY_PHASE_STRIP = NO;
				DEBUG_INFORMATION_FORMAT = dwarf;
				ENABLE_STRICT_OBJC_MSGSEND = YES;
				ENABLE_TESTABILITY = YES;
				GCC_C_LANGUAGE_STANDARD = gnu11;
				GCC_DYNAMIC_NO_PIC = NO;
				GCC_NO_COMMON_BLOCKS = YES;
				GCC_OPTIMIZATION_LEVEL = 0;
				GCC_PREPROCESSOR_DEFINITIONS = (
					"DEBUG=1",
					"$(inherited)",
				);
				GCC_WARN_64_TO_32_BIT_CONVERSION = YES;
				GCC_WARN_ABOUT_RETURN_TYPE = YES_ERROR;
				GCC_WARN_UNDECLARED_SELECTOR = YES;
				GCC_WARN_UNINITIALIZED_AUTOS = YES_AGGRESSIVE;
				GCC_WARN_UNUSED_FUNCTION = YES;
				GCC_WARN_UNUSED_VARIABLE = YES;
				MACOSX_DEPLOYMENT_TARGET = 10.13;
				MTL_ENABLE_DEBUG_INFO = YES;
				ONLY_ACTIVE_ARCH = YES;
				SDKROOT = macosx;
			};
			name = Debug;
		};
		2BB3C4CE2037B77900858802 /* Release */ = {
			isa = XCBuildConfiguration;
			buildSettings = {
				ALWAYS_SEARCH_USER_PATHS = NO;
				CLANG_ANALYZER_NONNULL = YES;
				CLANG_ANALYZER_NUMBER_OBJECT_CONVERSION = YES_AGGRESSIVE;
				CLANG_CXX_LANGUAGE_STANDARD = "gnu++14";
				CLANG_CXX_LIBRARY = "libc++";
				CLANG_ENABLE_MODULES = YES;
				CLANG_ENABLE_OBJC_ARC = YES;
				CLANG_WARN_BLOCK_CAPTURE_AUTORELEASING = YES;
				CLANG_WARN_BOOL_CONVERSION = YES;
				CLANG_WARN_COMMA = YES;
				CLANG_WARN_CONSTANT_CONVERSION = YES;
				CLANG_WARN_DIRECT_OBJC_ISA_USAGE = YES_ERROR;
				CLANG_WARN_DOCUMENTATION_COMMENTS = YES;
				CLANG_WARN_EMPTY_BODY = YES;
				CLANG_WARN_ENUM_CONVERSION = YES;
				CLANG_WARN_INFINITE_RECURSION = YES;
				CLANG_WARN_INT_CONVERSION = YES;
				CLANG_WARN_NON_LITERAL_NULL_CONVERSION = YES;
				CLANG_WARN_OBJC_LITERAL_CONVERSION = YES;
				CLANG_WARN_OBJC_ROOT_CLASS = YES_ERROR;
				CLANG_WARN_RANGE_LOOP_ANALYSIS = YES;
				CLANG_WARN_STRICT_PROTOTYPES = YES;
				CLANG_WARN_SUSPICIOUS_MOVE = YES;
				CLANG_WARN_UNGUARDED_AVAILABILITY = YES_AGGRESSIVE;
				CLANG_WARN_UNREACHABLE_CODE = YES;
				CLANG_WARN__DUPLICATE_METHOD_MATCH = YES;
				CODE_SIGN_IDENTITY = "Mac Developer";
				COPY_PHASE_STRIP = NO;
				DEBUG_INFORMATION_FORMAT = "dwarf-with-dsym";
				ENABLE_NS_ASSERTIONS = NO;
				ENABLE_STRICT_OBJC_MSGSEND = YES;
				GCC_C_LANGUAGE_STANDARD = gnu11;
				GCC_NO_COMMON_BLOCKS = YES;
				GCC_WARN_64_TO_32_BIT_CONVERSION = YES;
				GCC_WARN_ABOUT_RETURN_TYPE = YES_ERROR;
				GCC_WARN_UNDECLARED_SELECTOR = YES;
				GCC_WARN_UNINITIALIZED_AUTOS = YES_AGGRESSIVE;
				GCC_WARN_UNUSED_FUNCTION = YES;
				GCC_WARN_UNUSED_VARIABLE = YES;
				MACOSX_DEPLOYMENT_TARGET = 10.13;
				MTL_ENABLE_DEBUG_INFO = NO;
				SDKROOT = macosx;
			};
			name = Release;
		};
		2BB3C4D02037B77900858802 /* Debug */ = {
			isa = XCBuildConfiguration;
			buildSettings = {
				CODE_SIGN_STYLE = Automatic;
				DEVELOPMENT_TEAM = XNM36GWK3G;
				OTHER_LDFLAGS = "-lncurses";
				PRODUCT_NAME = "$(TARGET_NAME)";
			};
			name = Debug;
		};
		2BB3C4D12037B77900858802 /* Release */ = {
			isa = XCBuildConfiguration;
			buildSettings = {
				CODE_SIGN_STYLE = Automatic;
				DEVELOPMENT_TEAM = XNM36GWK3G;
				OTHER_LDFLAGS = "-lncurses";
				PRODUCT_NAME = "$(TARGET_NAME)";
			};
			name = Release;
		};
/* End XCBuildConfiguration section */

/* Begin XCConfigurationList section */
		2BB3C4C32037B77900858802 /* Build configuration list for PBXProject "pomodor_cpp" */ = {
			isa = XCConfigurationList;
			buildConfigurations = (
				2BB3C4CD2037B77900858802 /* Debug */,
				2BB3C4CE2037B77900858802 /* Release */,
			);
			defaultConfigurationIsVisible = 0;
			defaultConfigurationName = Release;
		};
		2BB3C4CF2037B77900858802 /* Build configuration list for PBXNativeTarget "pomodor_cpp" */ = {
			isa = XCConfigurationList;
			buildConfigurations = (
				2BB3C4D02037B77900858802 /* Debug */,
				2BB3C4D12037B77900858802 /* Release */,
			);
			defaultConfigurationIsVisible = 0;
			defaultConfigurationName = Release;
		};
/* End XCConfigurationList section */
	};
	rootObject = 2BB3C4C02037B77900858802 /* Project object */;
}
